{
  "name": "@wyfy/npm-package",
  "version": "1.0.0",
  "lockfileVersion": 2,
  "requires": true,
  "packages": {
    "": {
      "version": "1.0.0",
      "license": "ISC",
      "dependencies": {
        "@types/jest": "^26.0.15",
        "@wyfy/npm-package": "file:",
        "typescript": "^4.0.5"
      },
      "devDependencies": {
        "jest": "^26.6.3"
      }
    }
  }
}
